
Microsoft Visual Studio Solution File, Format Version 10.00
# Visual Studio 2008
Project("{8BC9CEB8-8B4A-11D0-8D11-00A0C91BC942}") = "HookGame", "HookGame\HookGame.vcproj", "{062AC530-8D22-4BCD-89E0-848937E4096D}"
EndProject
Project("{8BC9CEB8-8B4A-11D0-8D11-00A0C91BC942}") = "MyDll", "MyDll\MyDll.vcproj", "{F3BE9A00-9C3C-423A-AE17-646A6677D6CE}"
EndProject
Global
	GlobalSection(SolutionConfigurationPlatforms) = preSolution
		Debug|Win32 = Debug|Win32
		Release|Win32 = Release|Win32
	EndGlobalSection
	GlobalSection(ProjectConfigurationPlatforms) = postSolution
		{062AC530-8D22-4BCD-89E0-848937E4096D}.Debug|Win32.ActiveCfg = Debug|Win32
		{062AC530-8D22-4BCD-89E0-848937E4096D}.Debug|Win32.Build.0 = Debug|Win32
		{062AC530-8D22-4BCD-89E0-848937E4096D}.Release|Win32.ActiveCfg = Release|Win32
		{062AC530-8D22-4BCD-89E0-848937E4096D}.Release|Win32.Build.0 = Release|Win32
		{F3BE9A00-9C3C-423A-AE17-646A6677D6CE}.Debug|Win32.ActiveCfg = Debug|Win32
		{F3BE9A00-9C3C-423A-AE17-646A6677D6CE}.Debug|Win32.Build.0 = Debug|Win32
		{F3BE9A00-9C3C-423A-AE17-646A6677D6CE}.Release|Win32.ActiveCfg = Release|Win32
		{F3BE9A00-9C3C-423A-AE17-646A6677D6CE}.Release|Win32.Build.0 = Release|Win32
	EndGlobalSection
	GlobalSection(SolutionProperties) = preSolution
		HideSolutionNode = FALSE
	EndGlobalSection
EndGlobal
